
Microsoft Visual Studio Solution File, Format Version 12.00
# Visual Studio Version 16
VisualStudioVersion = 16.0.30320.27
MinimumVisualStudioVersion = 10.0.40219.1
Project("{FAE04EC0-301F-11D3-BF4B-00C04F79EFBC}") = "ColleoniWWF", "ColleoniWWF.csproj", "{445F5F14-D329-4E87-AB71-5ED4D5612A84}"
EndProject
Global
	GlobalSection(SolutionConfigurationPlatforms) = preSolution
		Debug|Any CPU = Debug|Any CPU
		Release|Any CPU = Release|Any CPU
	EndGlobalSection
	GlobalSection(ProjectConfigurationPlatforms) = postSolution
		{445F5F14-D329-4E87-AB71-5ED4D5612A84}.Debug|Any CPU.ActiveCfg = Debug|Any CPU
		{445F5F14-D329-4E87-AB71-5ED4D5612A84}.Debug|Any CPU.Build.0 = Debug|Any CPU
		{445F5F14-D329-4E87-AB71-5ED4D5612A84}.Release|Any CPU.ActiveCfg = Release|Any CPU
		{445F5F14-D329-4E87-AB71-5ED4D5612A84}.Release|Any CPU.Build.0 = Release|Any CPU
	EndGlobalSection
	GlobalSection(SolutionProperties) = preSolution
		HideSolutionNode = FALSE
	EndGlobalSection
	GlobalSection(ExtensibilityGlobals) = postSolution
		SolutionGuid = {ED5975E4-4B27-44EF-BFB2-12145B886BCC}
	EndGlobalSection
EndGlobal
